
Microsoft Visual Studio Solution File, Format Version 12.00
# Visual Studio Version 17
VisualStudioVersion = 17.2.32630.192
MinimumVisualStudioVersion = 10.0.40219.1
Project("{FAE04EC0-301F-11D3-BF4B-00C04F79EFBC}") = "Lab_1", "Lab_1\Lab_1.csproj", "{F3EFB533-0CA3-4356-B4BA-27F5DD8B4E69}"
EndProject
Global
	GlobalSection(SolutionConfigurationPlatforms) = preSolution
		Debug|Any CPU = Debug|Any CPU
		Release|Any CPU = Release|Any CPU
	EndGlobalSection
	GlobalSection(ProjectConfigurationPlatforms) = postSolution
		{F3EFB533-0CA3-4356-B4BA-27F5DD8B4E69}.Debug|Any CPU.ActiveCfg = Debug|Any CPU
		{F3EFB533-0CA3-4356-B4BA-27F5DD8B4E69}.Debug|Any CPU.Build.0 = Debug|Any CPU
		{F3EFB533-0CA3-4356-B4BA-27F5DD8B4E69}.Release|Any CPU.ActiveCfg = Release|Any CPU
		{F3EFB533-0CA3-4356-B4BA-27F5DD8B4E69}.Release|Any CPU.Build.0 = Release|Any CPU
	EndGlobalSection
	GlobalSection(SolutionProperties) = preSolution
		HideSolutionNode = FALSE
	EndGlobalSection
	GlobalSection(ExtensibilityGlobals) = postSolution
		SolutionGuid = {6D4384BA-1073-46F2-AF4D-3AC9DF8BB09C}
	EndGlobalSection
EndGlobal
